
Microsoft Visual Studio Solution File, Format Version 12.00
Project("{FAE04EC0-301F-11D3-BF4B-00C04F79EFBC}") = "Day1", "Day1\Day1.csproj", "{7451E568-044C-4A97-8318-538D28AB59E8}"
EndProject
Project("{FAE04EC0-301F-11D3-BF4B-00C04F79EFBC}") = "Day2", "Day2\Day2.csproj", "{50FE0963-4248-44DB-A693-8888E7759D0A}"
EndProject
Project("{FAE04EC0-301F-11D3-BF4B-00C04F79EFBC}") = "Day3", "Day3\Day3.csproj", "{4893952B-F89E-43F3-A3DC-488B289A36E9}"
EndProject
Project("{FAE04EC0-301F-11D3-BF4B-00C04F79EFBC}") = "Day4", "Day4\Day4.csproj", "{7A70F89B-1270-4125-80FB-97076B6302BB}"
EndProject
Global
	GlobalSection(SolutionConfigurationPlatforms) = preSolution
		Debug|Any CPU = Debug|Any CPU
		Release|Any CPU = Release|Any CPU
	EndGlobalSection
	GlobalSection(ProjectConfigurationPlatforms) = postSolution
		{7451E568-044C-4A97-8318-538D28AB59E8}.Debug|Any CPU.ActiveCfg = Debug|Any CPU
		{7451E568-044C-4A97-8318-538D28AB59E8}.Debug|Any CPU.Build.0 = Debug|Any CPU
		{7451E568-044C-4A97-8318-538D28AB59E8}.Release|Any CPU.ActiveCfg = Release|Any CPU
		{7451E568-044C-4A97-8318-538D28AB59E8}.Release|Any CPU.Build.0 = Release|Any CPU
		{50FE0963-4248-44DB-A693-8888E7759D0A}.Debug|Any CPU.ActiveCfg = Debug|Any CPU
		{50FE0963-4248-44DB-A693-8888E7759D0A}.Debug|Any CPU.Build.0 = Debug|Any CPU
		{50FE0963-4248-44DB-A693-8888E7759D0A}.Release|Any CPU.ActiveCfg = Release|Any CPU
		{50FE0963-4248-44DB-A693-8888E7759D0A}.Release|Any CPU.Build.0 = Release|Any CPU
		{4893952B-F89E-43F3-A3DC-488B289A36E9}.Debug|Any CPU.ActiveCfg = Debug|Any CPU
		{4893952B-F89E-43F3-A3DC-488B289A36E9}.Debug|Any CPU.Build.0 = Debug|Any CPU
		{4893952B-F89E-43F3-A3DC-488B289A36E9}.Release|Any CPU.ActiveCfg = Release|Any CPU
		{4893952B-F89E-43F3-A3DC-488B289A36E9}.Release|Any CPU.Build.0 = Release|Any CPU
		{7A70F89B-1270-4125-80FB-97076B6302BB}.Debug|Any CPU.ActiveCfg = Debug|Any CPU
		{7A70F89B-1270-4125-80FB-97076B6302BB}.Debug|Any CPU.Build.0 = Debug|Any CPU
		{7A70F89B-1270-4125-80FB-97076B6302BB}.Release|Any CPU.ActiveCfg = Release|Any CPU
		{7A70F89B-1270-4125-80FB-97076B6302BB}.Release|Any CPU.Build.0 = Release|Any CPU
	EndGlobalSection
EndGlobal
