
Microsoft Visual Studio Solution File, Format Version 12.00
Project("{FAE04EC0-301F-11D3-BF4B-00C04F79EFBC}") = "Day1", "Day1\Day1.csproj", "{7451E568-044C-4A97-8318-538D28AB59E8}"
EndProject
Project("{FAE04EC0-301F-11D3-BF4B-00C04F79EFBC}") = "Day2", "Day2\Day2.csproj", "{50FE0963-4248-44DB-A693-8888E7759D0A}"
EndProject
Project("{FAE04EC0-301F-11D3-BF4B-00C04F79EFBC}") = "Day3", "Day3\Day3.csproj", "{4893952B-F89E-43F3-A3DC-488B289A36E9}"
EndProject
Project("{FAE04EC0-301F-11D3-BF4B-00C04F79EFBC}") = "Day4", "Day4\Day4.csproj", "{7A70F89B-1270-4125-80FB-97076B6302BB}"
EndProject
Project("{FAE04EC0-301F-11D3-BF4B-00C04F79EFBC}") = "Day5", "Day5\Day5.csproj", "{9185CC4D-5C7E-4AEB-90B3-10185FABE5F3}"
EndProject
Project("{FAE04EC0-301F-11D3-BF4B-00C04F79EFBC}") = "Day6", "Day6\Day6.csproj", "{32A50CC8-2E94-4779-9B8A-867C21D5AC71}"
EndProject
Project("{FAE04EC0-301F-11D3-BF4B-00C04F79EFBC}") = "Day7", "Day7\Day7.csproj", "{062EFC71-BA3F-40F3-B122-A7274F69B1D7}"
EndProject
Project("{FAE04EC0-301F-11D3-BF4B-00C04F79EFBC}") = "Day8", "Day8\Day8.csproj", "{BB218010-8749-4BC2-B747-DE00713DA0F4}"
EndProject
Project("{FAE04EC0-301F-11D3-BF4B-00C04F79EFBC}") = "Day9", "Day9\Day9.csproj", "{3A0379FC-BD8F-40B9-A0ED-24A9D7E6E0CA}"
EndProject
Project("{FAE04EC0-301F-11D3-BF4B-00C04F79EFBC}") = "Day10", "Day10\Day10.csproj", "{6CF7B5FF-02ED-4F0E-A70E-E38C4B6F1658}"
EndProject
Project("{FAE04EC0-301F-11D3-BF4B-00C04F79EFBC}") = "Day11", "Day11\Day11.csproj", "{7D5FE427-D72A-4915-812D-AAC12D2D2132}"
EndProject
Global
	GlobalSection(SolutionConfigurationPlatforms) = preSolution
		Debug|Any CPU = Debug|Any CPU
		Release|Any CPU = Release|Any CPU
	EndGlobalSection
	GlobalSection(ProjectConfigurationPlatforms) = postSolution
		{7451E568-044C-4A97-8318-538D28AB59E8}.Debug|Any CPU.ActiveCfg = Debug|Any CPU
		{7451E568-044C-4A97-8318-538D28AB59E8}.Debug|Any CPU.Build.0 = Debug|Any CPU
		{7451E568-044C-4A97-8318-538D28AB59E8}.Release|Any CPU.ActiveCfg = Release|Any CPU
		{7451E568-044C-4A97-8318-538D28AB59E8}.Release|Any CPU.Build.0 = Release|Any CPU
		{50FE0963-4248-44DB-A693-8888E7759D0A}.Debug|Any CPU.ActiveCfg = Debug|Any CPU
		{50FE0963-4248-44DB-A693-8888E7759D0A}.Debug|Any CPU.Build.0 = Debug|Any CPU
		{50FE0963-4248-44DB-A693-8888E7759D0A}.Release|Any CPU.ActiveCfg = Release|Any CPU
		{50FE0963-4248-44DB-A693-8888E7759D0A}.Release|Any CPU.Build.0 = Release|Any CPU
		{4893952B-F89E-43F3-A3DC-488B289A36E9}.Debug|Any CPU.ActiveCfg = Debug|Any CPU
		{4893952B-F89E-43F3-A3DC-488B289A36E9}.Debug|Any CPU.Build.0 = Debug|Any CPU
		{4893952B-F89E-43F3-A3DC-488B289A36E9}.Release|Any CPU.ActiveCfg = Release|Any CPU
		{4893952B-F89E-43F3-A3DC-488B289A36E9}.Release|Any CPU.Build.0 = Release|Any CPU
		{7A70F89B-1270-4125-80FB-97076B6302BB}.Debug|Any CPU.ActiveCfg = Debug|Any CPU
		{7A70F89B-1270-4125-80FB-97076B6302BB}.Debug|Any CPU.Build.0 = Debug|Any CPU
		{7A70F89B-1270-4125-80FB-97076B6302BB}.Release|Any CPU.ActiveCfg = Release|Any CPU
		{7A70F89B-1270-4125-80FB-97076B6302BB}.Release|Any CPU.Build.0 = Release|Any CPU
		{9185CC4D-5C7E-4AEB-90B3-10185FABE5F3}.Debug|Any CPU.ActiveCfg = Debug|Any CPU
		{9185CC4D-5C7E-4AEB-90B3-10185FABE5F3}.Debug|Any CPU.Build.0 = Debug|Any CPU
		{9185CC4D-5C7E-4AEB-90B3-10185FABE5F3}.Release|Any CPU.ActiveCfg = Release|Any CPU
		{9185CC4D-5C7E-4AEB-90B3-10185FABE5F3}.Release|Any CPU.Build.0 = Release|Any CPU
		{32A50CC8-2E94-4779-9B8A-867C21D5AC71}.Debug|Any CPU.ActiveCfg = Debug|Any CPU
		{32A50CC8-2E94-4779-9B8A-867C21D5AC71}.Debug|Any CPU.Build.0 = Debug|Any CPU
		{32A50CC8-2E94-4779-9B8A-867C21D5AC71}.Release|Any CPU.ActiveCfg = Release|Any CPU
		{32A50CC8-2E94-4779-9B8A-867C21D5AC71}.Release|Any CPU.Build.0 = Release|Any CPU
		{062EFC71-BA3F-40F3-B122-A7274F69B1D7}.Debug|Any CPU.ActiveCfg = Debug|Any CPU
		{062EFC71-BA3F-40F3-B122-A7274F69B1D7}.Debug|Any CPU.Build.0 = Debug|Any CPU
		{062EFC71-BA3F-40F3-B122-A7274F69B1D7}.Release|Any CPU.ActiveCfg = Release|Any CPU
		{062EFC71-BA3F-40F3-B122-A7274F69B1D7}.Release|Any CPU.Build.0 = Release|Any CPU
		{BB218010-8749-4BC2-B747-DE00713DA0F4}.Debug|Any CPU.ActiveCfg = Debug|Any CPU
		{BB218010-8749-4BC2-B747-DE00713DA0F4}.Debug|Any CPU.Build.0 = Debug|Any CPU
		{BB218010-8749-4BC2-B747-DE00713DA0F4}.Release|Any CPU.ActiveCfg = Release|Any CPU
		{BB218010-8749-4BC2-B747-DE00713DA0F4}.Release|Any CPU.Build.0 = Release|Any CPU
		{3A0379FC-BD8F-40B9-A0ED-24A9D7E6E0CA}.Debug|Any CPU.ActiveCfg = Debug|Any CPU
		{3A0379FC-BD8F-40B9-A0ED-24A9D7E6E0CA}.Debug|Any CPU.Build.0 = Debug|Any CPU
		{3A0379FC-BD8F-40B9-A0ED-24A9D7E6E0CA}.Release|Any CPU.ActiveCfg = Release|Any CPU
		{3A0379FC-BD8F-40B9-A0ED-24A9D7E6E0CA}.Release|Any CPU.Build.0 = Release|Any CPU
		{6CF7B5FF-02ED-4F0E-A70E-E38C4B6F1658}.Debug|Any CPU.ActiveCfg = Debug|Any CPU
		{6CF7B5FF-02ED-4F0E-A70E-E38C4B6F1658}.Debug|Any CPU.Build.0 = Debug|Any CPU
		{6CF7B5FF-02ED-4F0E-A70E-E38C4B6F1658}.Release|Any CPU.ActiveCfg = Release|Any CPU
		{6CF7B5FF-02ED-4F0E-A70E-E38C4B6F1658}.Release|Any CPU.Build.0 = Release|Any CPU
		{7D5FE427-D72A-4915-812D-AAC12D2D2132}.Debug|Any CPU.ActiveCfg = Debug|Any CPU
		{7D5FE427-D72A-4915-812D-AAC12D2D2132}.Debug|Any CPU.Build.0 = Debug|Any CPU
		{7D5FE427-D72A-4915-812D-AAC12D2D2132}.Release|Any CPU.ActiveCfg = Release|Any CPU
		{7D5FE427-D72A-4915-812D-AAC12D2D2132}.Release|Any CPU.Build.0 = Release|Any CPU
	EndGlobalSection
EndGlobal
